
Microsoft Visual Studio Solution File, Format Version 12.00
# Visual Studio Version 17
VisualStudioVersion = 17.9.34622.214
MinimumVisualStudioVersion = 10.0.40219.1
Project("{9A19103F-16F7-4668-BE54-9A1E7A4F7556}") = "Plugin.Maui.SegmentedControl", "Plugin.Maui.SegmentedControl.csproj", "{89B89B06-CB81-472B-AD42-8515C6768139}"
EndProject
Project("{FAE04EC0-301F-11D3-BF4B-00C04F79EFBC}") = "Test.SegmentedControl", "..\Test.SegmentedControl\Test.SegmentedControl.csproj", "{05FE1C0D-0B4E-4E70-93B6-0CA8516F78C8}"
EndProject
Global
	GlobalSection(SolutionConfigurationPlatforms) = preSolution
		Debug|Any CPU = Debug|Any CPU
		Release|Any CPU = Release|Any CPU
	EndGlobalSection
	GlobalSection(ProjectConfigurationPlatforms) = postSolution
		{89B89B06-CB81-472B-AD42-8515C6768139}.Debug|Any CPU.ActiveCfg = Debug|Any CPU
		{89B89B06-CB81-472B-AD42-8515C6768139}.Debug|Any CPU.Build.0 = Debug|Any CPU
		{89B89B06-CB81-472B-AD42-8515C6768139}.Release|Any CPU.ActiveCfg = Release|Any CPU
		{89B89B06-CB81-472B-AD42-8515C6768139}.Release|Any CPU.Build.0 = Release|Any CPU
		{05FE1C0D-0B4E-4E70-93B6-0CA8516F78C8}.Debug|Any CPU.ActiveCfg = Debug|Any CPU
		{05FE1C0D-0B4E-4E70-93B6-0CA8516F78C8}.Debug|Any CPU.Build.0 = Debug|Any CPU
		{05FE1C0D-0B4E-4E70-93B6-0CA8516F78C8}.Debug|Any CPU.Deploy.0 = Debug|Any CPU
		{05FE1C0D-0B4E-4E70-93B6-0CA8516F78C8}.Release|Any CPU.ActiveCfg = Release|Any CPU
		{05FE1C0D-0B4E-4E70-93B6-0CA8516F78C8}.Release|Any CPU.Build.0 = Release|Any CPU
		{05FE1C0D-0B4E-4E70-93B6-0CA8516F78C8}.Release|Any CPU.Deploy.0 = Release|Any CPU
	EndGlobalSection
	GlobalSection(SolutionProperties) = preSolution
		HideSolutionNode = FALSE
	EndGlobalSection
	GlobalSection(ExtensibilityGlobals) = postSolution
		SolutionGuid = {EADE2C12-2B40-453D-A981-1ABEBBAA76A9}
	EndGlobalSection
EndGlobal
